{
  "requires": true,
  "lockfileVersion": 1,
  "dependencies": {
    "vue2-transitions": {
      "version": "0.2.3",
      "resolved": "https://registry.npmjs.org/vue2-transitions/-/vue2-transitions-0.2.3.tgz",
      "integrity": "sha512-Ou5x74AOQbM8JjZV8pIssFFqavvj53QzrEEUr5QnElUYb1ZizPwaUJo0ZqmLPqjwPae7ON4SG8U2cSTI4tHKLg=="
    }
  }
}
